// !$*UTF8*$!
{
	archiveVersion = 1;
	classes = {
	};
	objectVersion = 51;
	objects = {

/* Begin PBXBuildFile section */
		12008B66256193E2007F5F18 /* ConversacionTableViewCell.swift in Sources */ = {isa = PBXBuildFile; fileRef = 12008B65256193E2007F5F18 /* ConversacionTableViewCell.swift */; };
		120EF0B7253BD34100F73AB7 /* AppDelegate.swift in Sources */ = {isa = PBXBuildFile; fileRef = 120EF0B6253BD34100F73AB7 /* AppDelegate.swift */; };
		120EF0B9253BD34100F73AB7 /* SceneDelegate.swift in Sources */ = {isa = PBXBuildFile; fileRef = 120EF0B8253BD34100F73AB7 /* SceneDelegate.swift */; };
		120EF0BB253BD34100F73AB7 /* ConversacionesViewController.swift in Sources */ = {isa = PBXBuildFile; fileRef = 120EF0BA253BD34100F73AB7 /* ConversacionesViewController.swift */; };
		120EF0BE253BD34100F73AB7 /* Main.storyboard in Resources */ = {isa = PBXBuildFile; fileRef = 120EF0BC253BD34100F73AB7 /* Main.storyboard */; };
		120EF0C0253BD34300F73AB7 /* Assets.xcassets in Resources */ = {isa = PBXBuildFile; fileRef = 120EF0BF253BD34300F73AB7 /* Assets.xcassets */; };
		120EF0C3253BD34300F73AB7 /* LaunchScreen.storyboard in Resources */ = {isa = PBXBuildFile; fileRef = 120EF0C1253BD34300F73AB7 /* LaunchScreen.storyboard */; };
		120EF0D4253BD69600F73AB7 /* LoginViewController.swift in Sources */ = {isa = PBXBuildFile; fileRef = 120EF0D3253BD69600F73AB7 /* LoginViewController.swift */; };
		120EF0D7253BD6B500F73AB7 /* RegistroViewController.swift in Sources */ = {isa = PBXBuildFile; fileRef = 120EF0D6253BD6B500F73AB7 /* RegistroViewController.swift */; };
		120EF0DA253BD72800F73AB7 /* VisualizadorFotoViewController.swift in Sources */ = {isa = PBXBuildFile; fileRef = 120EF0D9253BD72800F73AB7 /* VisualizadorFotoViewController.swift */; };
		120EF0DD253BD74D00F73AB7 /* ReproductorVideoViewController.swift in Sources */ = {isa = PBXBuildFile; fileRef = 120EF0DC253BD74D00F73AB7 /* ReproductorVideoViewController.swift */; };
		120EF0E0253BD77E00F73AB7 /* NuevaConversacionViewController.swift in Sources */ = {isa = PBXBuildFile; fileRef = 120EF0DF253BD77E00F73AB7 /* NuevaConversacionViewController.swift */; };
		120EF0E3253BD79200F73AB7 /* PerfilViewController.swift in Sources */ = {isa = PBXBuildFile; fileRef = 120EF0E2253BD79200F73AB7 /* PerfilViewController.swift */; };
		120EF0E8253BE06C00F73AB7 /* Extensiones.swift in Sources */ = {isa = PBXBuildFile; fileRef = 120EF0E7253BE06C00F73AB7 /* Extensiones.swift */; };
		1236165E256C9BBF00E962C3 /* NuevaConversacionTableViewCell.swift in Sources */ = {isa = PBXBuildFile; fileRef = 1236165D256C9BBF00E962C3 /* NuevaConversacionTableViewCell.swift */; };
		123A9CA425463DE30092952E /* ChatViewController.swift in Sources */ = {isa = PBXBuildFile; fileRef = 123A9CA325463DE30092952E /* ChatViewController.swift */; };
		12558DFA2558548E003FAB8D /* StorageManager.swift in Sources */ = {isa = PBXBuildFile; fileRef = 12558DF92558548E003FAB8D /* StorageManager.swift */; };
		126627C4257C507D006CF870 /* LocationPickerViewController.swift in Sources */ = {isa = PBXBuildFile; fileRef = 126627C3257C507D006CF870 /* LocationPickerViewController.swift */; };
		12742E90253D0D5B007961AC /* GoogleService-Info.plist in Resources */ = {isa = PBXBuildFile; fileRef = 12742E8F253D0D5B007961AC /* GoogleService-Info.plist */; };
		12A3687C253DF7DD00C3A9DE /* DatabaseManager.swift in Sources */ = {isa = PBXBuildFile; fileRef = 12A3687B253DF7DD00C3A9DE /* DatabaseManager.swift */; };
		F796A00F35298A2649737C87 /* Pods_Ciberchat.framework in Frameworks */ = {isa = PBXBuildFile; fileRef = 5D2B054A9F41D57A26790A6B /* Pods_Ciberchat.framework */; };
/* End PBXBuildFile section */

/* Begin PBXFileReference section */
		12008B65256193E2007F5F18 /* ConversacionTableViewCell.swift */ = {isa = PBXFileReference; lastKnownFileType = sourcecode.swift; path = ConversacionTableViewCell.swift; sourceTree = "<group>"; };
		120EF0B3253BD34100F73AB7 /* Ciberchat.app */ = {isa = PBXFileReference; explicitFileType = wrapper.application; includeInIndex = 0; path = Ciberchat.app; sourceTree = BUILT_PRODUCTS_DIR; };
		120EF0B6253BD34100F73AB7 /* AppDelegate.swift */ = {isa = PBXFileReference; lastKnownFileType = sourcecode.swift; path = AppDelegate.swift; sourceTree = "<group>"; };
		120EF0B8253BD34100F73AB7 /* SceneDelegate.swift */ = {isa = PBXFileReference; lastKnownFileType = sourcecode.swift; path = SceneDelegate.swift; sourceTree = "<group>"; };
		120EF0BA253BD34100F73AB7 /* ConversacionesViewController.swift */ = {isa = PBXFileReference; lastKnownFileType = sourcecode.swift; path = ConversacionesViewController.swift; sourceTree = "<group>"; };
		120EF0BD253BD34100F73AB7 /* Base */ = {isa = PBXFileReference; lastKnownFileType = file.storyboard; name = Base; path = Base.lproj/Main.storyboard; sourceTree = "<group>"; };
		120EF0BF253BD34300F73AB7 /* Assets.xcassets */ = {isa = PBXFileReference; lastKnownFileType = folder.assetcatalog; path = Assets.xcassets; sourceTree = "<group>"; };
		120EF0C2253BD34300F73AB7 /* Base */ = {isa = PBXFileReference; lastKnownFileType = file.storyboard; name = Base; path = Base.lproj/LaunchScreen.storyboard; sourceTree = "<group>"; };
		120EF0C4253BD34300F73AB7 /* Info.plist */ = {isa = PBXFileReference; lastKnownFileType = text.plist.xml; path = Info.plist; sourceTree = "<group>"; };
		120EF0D3253BD69600F73AB7 /* LoginViewController.swift */ = {isa = PBXFileReference; lastKnownFileType = sourcecode.swift; path = LoginViewController.swift; sourceTree = "<group>"; };
		120EF0D6253BD6B500F73AB7 /* RegistroViewController.swift */ = {isa = PBXFileReference; lastKnownFileType = sourcecode.swift; path = RegistroViewController.swift; sourceTree = "<group>"; };
		120EF0D9253BD72800F73AB7 /* VisualizadorFotoViewController.swift */ = {isa = PBXFileReference; lastKnownFileType = sourcecode.swift; path = VisualizadorFotoViewController.swift; sourceTree = "<group>"; };
		120EF0DC253BD74D00F73AB7 /* ReproductorVideoViewController.swift */ = {isa = PBXFileReference; lastKnownFileType = sourcecode.swift; path = ReproductorVideoViewController.swift; sourceTree = "<group>"; };
		120EF0DF253BD77E00F73AB7 /* NuevaConversacionViewController.swift */ = {isa = PBXFileReference; lastKnownFileType = sourcecode.swift; path = NuevaConversacionViewController.swift; sourceTree = "<group>"; };
		120EF0E2253BD79200F73AB7 /* PerfilViewController.swift */ = {isa = PBXFileReference; lastKnownFileType = sourcecode.swift; path = PerfilViewController.swift; sourceTree = "<group>"; };
		120EF0E7253BE06C00F73AB7 /* Extensiones.swift */ = {isa = PBXFileReference; lastKnownFileType = sourcecode.swift; path = Extensiones.swift; sourceTree = "<group>"; };
		1236165D256C9BBF00E962C3 /* NuevaConversacionTableViewCell.swift */ = {isa = PBXFileReference; lastKnownFileType = sourcecode.swift; path = NuevaConversacionTableViewCell.swift; sourceTree = "<group>"; };
		123A9CA325463DE30092952E /* ChatViewController.swift */ = {isa = PBXFileReference; lastKnownFileType = sourcecode.swift; path = ChatViewController.swift; sourceTree = "<group>"; };
		12558DF92558548E003FAB8D /* StorageManager.swift */ = {isa = PBXFileReference; lastKnownFileType = sourcecode.swift; path = StorageManager.swift; sourceTree = "<group>"; };
		126627C3257C507D006CF870 /* LocationPickerViewController.swift */ = {isa = PBXFileReference; lastKnownFileType = sourcecode.swift; path = LocationPickerViewController.swift; sourceTree = "<group>"; };
		12742E8F253D0D5B007961AC /* GoogleService-Info.plist */ = {isa = PBXFileReference; fileEncoding = 4; lastKnownFileType = text.plist.xml; name = "GoogleService-Info.plist"; path = "../../../Downloads/GoogleService-Info.plist"; sourceTree = "<group>"; };
		12A3687B253DF7DD00C3A9DE /* DatabaseManager.swift */ = {isa = PBXFileReference; lastKnownFileType = sourcecode.swift; path = DatabaseManager.swift; sourceTree = "<group>"; };
		237009A52A815474D4A4EBB8 /* Pods-Ciberchat.release.xcconfig */ = {isa = PBXFileReference; includeInIndex = 1; lastKnownFileType = text.xcconfig; name = "Pods-Ciberchat.release.xcconfig"; path = "Target Support Files/Pods-Ciberchat/Pods-Ciberchat.release.xcconfig"; sourceTree = "<group>"; };
		5D2B054A9F41D57A26790A6B /* Pods_Ciberchat.framework */ = {isa = PBXFileReference; explicitFileType = wrapper.framework; includeInIndex = 0; path = Pods_Ciberchat.framework; sourceTree = BUILT_PRODUCTS_DIR; };
		748DF7CC237EF1665EE90D94 /* Pods-Ciberchat.debug.xcconfig */ = {isa = PBXFileReference; includeInIndex = 1; lastKnownFileType = text.xcconfig; name = "Pods-Ciberchat.debug.xcconfig"; path = "Target Support Files/Pods-Ciberchat/Pods-Ciberchat.debug.xcconfig"; sourceTree = "<group>"; };
/* End PBXFileReference section */

/* Begin PBXFrameworksBuildPhase section */
		120EF0B0253BD34100F73AB7 /* Frameworks */ = {
			isa = PBXFrameworksBuildPhase;
			buildActionMask = 2147483647;
			files = (
				F796A00F35298A2649737C87 /* Pods_Ciberchat.framework in Frameworks */,
			);
			runOnlyForDeploymentPostprocessing = 0;
		};
/* End PBXFrameworksBuildPhase section */

/* Begin PBXGroup section */
		120EF0AA253BD34100F73AB7 = {
			isa = PBXGroup;
			children = (
				120EF0B5253BD34100F73AB7 /* Ciberchat */,
				120EF0B4253BD34100F73AB7 /* Products */,
				5A2133E8F4FA6DA0D79556BC /* Pods */,
				4E11E59D77450FE17345AE6E /* Frameworks */,
			);
			sourceTree = "<group>";
		};
		120EF0B4253BD34100F73AB7 /* Products */ = {
			isa = PBXGroup;
			children = (
				120EF0B3253BD34100F73AB7 /* Ciberchat.app */,
			);
			name = Products;
			sourceTree = "<group>";
		};
		120EF0B5253BD34100F73AB7 /* Ciberchat */ = {
			isa = PBXGroup;
			children = (
				12742E8F253D0D5B007961AC /* GoogleService-Info.plist */,
				120EF0D0253BD52600F73AB7 /* Resources */,
				120EF0CF253BD51600F73AB7 /* ViewModels */,
				120EF0CE253BD50A00F73AB7 /* Models */,
				120EF0CD253BD4FC00F73AB7 /* Views */,
				120EF0CC253BD4EC00F73AB7 /* Controllers */,
				120EF0C4253BD34300F73AB7 /* Info.plist */,
			);
			path = Ciberchat;
			sourceTree = "<group>";
		};
		120EF0CC253BD4EC00F73AB7 /* Controllers */ = {
			isa = PBXGroup;
			children = (
				120EF0BA253BD34100F73AB7 /* ConversacionesViewController.swift */,
				120EF0E5253BD86200F73AB7 /* Login */,
				120EF0D9253BD72800F73AB7 /* VisualizadorFotoViewController.swift */,
				120EF0DC253BD74D00F73AB7 /* ReproductorVideoViewController.swift */,
				120EF0DF253BD77E00F73AB7 /* NuevaConversacionViewController.swift */,
				120EF0E2253BD79200F73AB7 /* PerfilViewController.swift */,
				123A9CA325463DE30092952E /* ChatViewController.swift */,
				126627C3257C507D006CF870 /* LocationPickerViewController.swift */,
			);
			path = Controllers;
			sourceTree = "<group>";
		};
		120EF0CD253BD4FC00F73AB7 /* Views */ = {
			isa = PBXGroup;
			children = (
				120EF0D1253BD56600F73AB7 /* Storyboards */,
				120EF0BF253BD34300F73AB7 /* Assets.xcassets */,
				12008B65256193E2007F5F18 /* ConversacionTableViewCell.swift */,
				1236165D256C9BBF00E962C3 /* NuevaConversacionTableViewCell.swift */,
			);
			path = Views;
			sourceTree = "<group>";
		};
		120EF0CE253BD50A00F73AB7 /* Models */ = {
			isa = PBXGroup;
			children = (
			);
			path = Models;
			sourceTree = "<group>";
		};
		120EF0CF253BD51600F73AB7 /* ViewModels */ = {
			isa = PBXGroup;
			children = (
			);
			path = ViewModels;
			sourceTree = "<group>";
		};
		120EF0D0253BD52600F73AB7 /* Resources */ = {
			isa = PBXGroup;
			children = (
				120EF0B6253BD34100F73AB7 /* AppDelegate.swift */,
				120EF0B8253BD34100F73AB7 /* SceneDelegate.swift */,
				120EF0E7253BE06C00F73AB7 /* Extensiones.swift */,
				12A3687B253DF7DD00C3A9DE /* DatabaseManager.swift */,
				12558DF92558548E003FAB8D /* StorageManager.swift */,
			);
			path = Resources;
			sourceTree = "<group>";
		};
		120EF0D1253BD56600F73AB7 /* Storyboards */ = {
			isa = PBXGroup;
			children = (
				120EF0BC253BD34100F73AB7 /* Main.storyboard */,
				120EF0C1253BD34300F73AB7 /* LaunchScreen.storyboard */,
			);
			path = Storyboards;
			sourceTree = "<group>";
		};
		120EF0E5253BD86200F73AB7 /* Login */ = {
			isa = PBXGroup;
			children = (
				120EF0D3253BD69600F73AB7 /* LoginViewController.swift */,
				120EF0D6253BD6B500F73AB7 /* RegistroViewController.swift */,
			);
			path = Login;
			sourceTree = "<group>";
		};
		4E11E59D77450FE17345AE6E /* Frameworks */ = {
			isa = PBXGroup;
			children = (
				5D2B054A9F41D57A26790A6B /* Pods_Ciberchat.framework */,
			);
			name = Frameworks;
			sourceTree = "<group>";
		};
		5A2133E8F4FA6DA0D79556BC /* Pods */ = {
			isa = PBXGroup;
			children = (
				748DF7CC237EF1665EE90D94 /* Pods-Ciberchat.debug.xcconfig */,
				237009A52A815474D4A4EBB8 /* Pods-Ciberchat.release.xcconfig */,
			);
			path = Pods;
			sourceTree = "<group>";
		};
/* End PBXGroup section */

/* Begin PBXNativeTarget section */
		120EF0B2253BD34100F73AB7 /* Ciberchat */ = {
			isa = PBXNativeTarget;
			buildConfigurationList = 120EF0C7253BD34300F73AB7 /* Build configuration list for PBXNativeTarget "Ciberchat" */;
			buildPhases = (
				D5474DCC5D814CC5C236D1A5 /* [CP] Check Pods Manifest.lock */,
				120EF0AF253BD34100F73AB7 /* Sources */,
				120EF0B0253BD34100F73AB7 /* Frameworks */,
				120EF0B1253BD34100F73AB7 /* Resources */,
				5049DD55BEDB5C0A7B297B73 /* [CP] Embed Pods Frameworks */,
				FA799182AA3152D0BC0A4148 /* [CP] Copy Pods Resources */,
			);
			buildRules = (
			);
			dependencies = (
			);
			name = Ciberchat;
			productName = Ciberchat;
			productReference = 120EF0B3253BD34100F73AB7 /* Ciberchat.app */;
			productType = "com.apple.product-type.application";
		};
/* End PBXNativeTarget section */

/* Begin PBXProject section */
		120EF0AB253BD34100F73AB7 /* Project object */ = {
			isa = PBXProject;
			attributes = {
				LastSwiftUpdateCheck = 1200;
				LastUpgradeCheck = 1200;
				TargetAttributes = {
					120EF0B2253BD34100F73AB7 = {
						CreatedOnToolsVersion = 12.0.1;
					};
				};
			};
			buildConfigurationList = 120EF0AE253BD34100F73AB7 /* Build configuration list for PBXProject "Ciberchat" */;
			compatibilityVersion = "Xcode 9.3";
			developmentRegion = en;
			hasScannedForEncodings = 0;
			knownRegions = (
				en,
				Base,
			);
			mainGroup = 120EF0AA253BD34100F73AB7;
			productRefGroup = 120EF0B4253BD34100F73AB7 /* Products */;
			projectDirPath = "";
			projectRoot = "";
			targets = (
				120EF0B2253BD34100F73AB7 /* Ciberchat */,
			);
		};
/* End PBXProject section */

/* Begin PBXResourcesBuildPhase section */
		120EF0B1253BD34100F73AB7 /* Resources */ = {
			isa = PBXResourcesBuildPhase;
			buildActionMask = 2147483647;
			files = (
				120EF0C3253BD34300F73AB7 /* LaunchScreen.storyboard in Resources */,
				12742E90253D0D5B007961AC /* GoogleService-Info.plist in Resources */,
				120EF0C0253BD34300F73AB7 /* Assets.xcassets in Resources */,
				120EF0BE253BD34100F73AB7 /* Main.storyboard in Resources */,
			);
			runOnlyForDeploymentPostprocessing = 0;
		};
/* End PBXResourcesBuildPhase section */

/* Begin PBXShellScriptBuildPhase section */
		5049DD55BEDB5C0A7B297B73 /* [CP] Embed Pods Frameworks */ = {
			isa = PBXShellScriptBuildPhase;
			buildActionMask = 2147483647;
			files = (
			);
			inputFileListPaths = (
				"${PODS_ROOT}/Target Support Files/Pods-Ciberchat/Pods-Ciberchat-frameworks-${CONFIGURATION}-input-files.xcfilelist",
			);
			name = "[CP] Embed Pods Frameworks";
			outputFileListPaths = (
				"${PODS_ROOT}/Target Support Files/Pods-Ciberchat/Pods-Ciberchat-frameworks-${CONFIGURATION}-output-files.xcfilelist",
			);
			runOnlyForDeploymentPostprocessing = 0;
			shellPath = /bin/sh;
			shellScript = "\"${PODS_ROOT}/Target Support Files/Pods-Ciberchat/Pods-Ciberchat-frameworks.sh\"\n";
			showEnvVarsInLog = 0;
		};
		D5474DCC5D814CC5C236D1A5 /* [CP] Check Pods Manifest.lock */ = {
			isa = PBXShellScriptBuildPhase;
			buildActionMask = 2147483647;
			files = (
			);
			inputFileListPaths = (
			);
			inputPaths = (
				"${PODS_PODFILE_DIR_PATH}/Podfile.lock",
				"${PODS_ROOT}/Manifest.lock",
			);
			name = "[CP] Check Pods Manifest.lock";
			outputFileListPaths = (
			);
			outputPaths = (
				"$(DERIVED_FILE_DIR)/Pods-Ciberchat-checkManifestLockResult.txt",
			);
			runOnlyForDeploymentPostprocessing = 0;
			shellPath = /bin/sh;
			shellScript = "diff \"${PODS_PODFILE_DIR_PATH}/Podfile.lock\" \"${PODS_ROOT}/Manifest.lock\" > /dev/null\nif [ $? != 0 ] ; then\n    # print error to STDERR\n    echo \"error: The sandbox is not in sync with the Podfile.lock. Run 'pod install' or update your CocoaPods installation.\" >&2\n    exit 1\nfi\n# This output is used by Xcode 'outputs' to avoid re-running this script phase.\necho \"SUCCESS\" > \"${SCRIPT_OUTPUT_FILE_0}\"\n";
			showEnvVarsInLog = 0;
		};
		FA799182AA3152D0BC0A4148 /* [CP] Copy Pods Resources */ = {
			isa = PBXShellScriptBuildPhase;
			buildActionMask = 2147483647;
			files = (
			);
			inputFileListPaths = (
				"${PODS_ROOT}/Target Support Files/Pods-Ciberchat/Pods-Ciberchat-resources-${CONFIGURATION}-input-files.xcfilelist",
			);
			name = "[CP] Copy Pods Resources";
			outputFileListPaths = (
				"${PODS_ROOT}/Target Support Files/Pods-Ciberchat/Pods-Ciberchat-resources-${CONFIGURATION}-output-files.xcfilelist",
			);
			runOnlyForDeploymentPostprocessing = 0;
			shellPath = /bin/sh;
			shellScript = "\"${PODS_ROOT}/Target Support Files/Pods-Ciberchat/Pods-Ciberchat-resources.sh\"\n";
			showEnvVarsInLog = 0;
		};
/* End PBXShellScriptBuildPhase section */

/* Begin PBXSourcesBuildPhase section */
		120EF0AF253BD34100F73AB7 /* Sources */ = {
			isa = PBXSourcesBuildPhase;
			buildActionMask = 2147483647;
			files = (
				120EF0E0253BD77E00F73AB7 /* NuevaConversacionViewController.swift in Sources */,
				12A3687C253DF7DD00C3A9DE /* DatabaseManager.swift in Sources */,
				120EF0D4253BD69600F73AB7 /* LoginViewController.swift in Sources */,
				1236165E256C9BBF00E962C3 /* NuevaConversacionTableViewCell.swift in Sources */,
				120EF0BB253BD34100F73AB7 /* ConversacionesViewController.swift in Sources */,
				120EF0E8253BE06C00F73AB7 /* Extensiones.swift in Sources */,
				120EF0E3253BD79200F73AB7 /* PerfilViewController.swift in Sources */,
				120EF0B7253BD34100F73AB7 /* AppDelegate.swift in Sources */,
				120EF0D7253BD6B500F73AB7 /* RegistroViewController.swift in Sources */,
				120EF0B9253BD34100F73AB7 /* SceneDelegate.swift in Sources */,
				12008B66256193E2007F5F18 /* ConversacionTableViewCell.swift in Sources */,
				120EF0DD253BD74D00F73AB7 /* ReproductorVideoViewController.swift in Sources */,
				123A9CA425463DE30092952E /* ChatViewController.swift in Sources */,
				120EF0DA253BD72800F73AB7 /* VisualizadorFotoViewController.swift in Sources */,
				12558DFA2558548E003FAB8D /* StorageManager.swift in Sources */,
				126627C4257C507D006CF870 /* LocationPickerViewController.swift in Sources */,
			);
			runOnlyForDeploymentPostprocessing = 0;
		};
/* End PBXSourcesBuildPhase section */

/* Begin PBXVariantGroup section */
		120EF0BC253BD34100F73AB7 /* Main.storyboard */ = {
			isa = PBXVariantGroup;
			children = (
				120EF0BD253BD34100F73AB7 /* Base */,
			);
			name = Main.storyboard;
			sourceTree = "<group>";
		};
		120EF0C1253BD34300F73AB7 /* LaunchScreen.storyboard */ = {
			isa = PBXVariantGroup;
			children = (
				120EF0C2253BD34300F73AB7 /* Base */,
			);
			name = LaunchScreen.storyboard;
			sourceTree = "<group>";
		};
/* End PBXVariantGroup section */

/* Begin XCBuildConfiguration section */
		120EF0C5253BD34300F73AB7 /* Debug */ = {
			isa = XCBuildConfiguration;
			buildSettings = {
				ALWAYS_SEARCH_USER_PATHS = NO;
				CLANG_ANALYZER_NONNULL = YES;
				CLANG_ANALYZER_NUMBER_OBJECT_CONVERSION = YES_AGGRESSIVE;
				CLANG_CXX_LANGUAGE_STANDARD = "gnu++14";
				CLANG_CXX_LIBRARY = "libc++";
				CLANG_ENABLE_MODULES = YES;
				CLANG_ENABLE_OBJC_ARC = YES;
				CLANG_ENABLE_OBJC_WEAK = YES;
				CLANG_WARN_BLOCK_CAPTURE_AUTORELEASING = YES;
				CLANG_WARN_BOOL_CONVERSION = YES;
				CLANG_WARN_COMMA = YES;
				CLANG_WARN_CONSTANT_CONVERSION = YES;
				CLANG_WARN_DEPRECATED_OBJC_IMPLEMENTATIONS = YES;
				CLANG_WARN_DIRECT_OBJC_ISA_USAGE = YES_ERROR;
				CLANG_WARN_DOCUMENTATION_COMMENTS = YES;
				CLANG_WARN_EMPTY_BODY = YES;
				CLANG_WARN_ENUM_CONVERSION = YES;
				CLANG_WARN_INFINITE_RECURSION = YES;
				CLANG_WARN_INT_CONVERSION = YES;
				CLANG_WARN_NON_LITERAL_NULL_CONVERSION = YES;
				CLANG_WARN_OBJC_IMPLICIT_RETAIN_SELF = YES;
				CLANG_WARN_OBJC_LITERAL_CONVERSION = YES;
				CLANG_WARN_OBJC_ROOT_CLASS = YES_ERROR;
				CLANG_WARN_QUOTED_INCLUDE_IN_FRAMEWORK_HEADER = YES;
				CLANG_WARN_RANGE_LOOP_ANALYSIS = YES;
				CLANG_WARN_STRICT_PROTOTYPES = YES;
				CLANG_WARN_SUSPICIOUS_MOVE = YES;
				CLANG_WARN_UNGUARDED_AVAILABILITY = YES_AGGRESSIVE;
				CLANG_WARN_UNREACHABLE_CODE = YES;
				CLANG_WARN__DUPLICATE_METHOD_MATCH = YES;
				COPY_PHASE_STRIP = NO;
				DEBUG_INFORMATION_FORMAT = dwarf;
				ENABLE_STRICT_OBJC_MSGSEND = YES;
				ENABLE_TESTABILITY = YES;
				GCC_C_LANGUAGE_STANDARD = gnu11;
				GCC_DYNAMIC_NO_PIC = NO;
				GCC_NO_COMMON_BLOCKS = YES;
				GCC_OPTIMIZATION_LEVEL = 0;
				GCC_PREPROCESSOR_DEFINITIONS = (
					"DEBUG=1",
					"$(inherited)",
				);
				GCC_WARN_64_TO_32_BIT_CONVERSION = YES;
				GCC_WARN_ABOUT_RETURN_TYPE = YES_ERROR;
				GCC_WARN_UNDECLARED_SELECTOR = YES;
				GCC_WARN_UNINITIALIZED_AUTOS = YES_AGGRESSIVE;
				GCC_WARN_UNUSED_FUNCTION = YES;
				GCC_WARN_UNUSED_VARIABLE = YES;
				IPHONEOS_DEPLOYMENT_TARGET = 14.0;
				MTL_ENABLE_DEBUG_INFO = INCLUDE_SOURCE;
				MTL_FAST_MATH = YES;
				ONLY_ACTIVE_ARCH = YES;
				SDKROOT = iphoneos;
				SWIFT_ACTIVE_COMPILATION_CONDITIONS = DEBUG;
				SWIFT_OPTIMIZATION_LEVEL = "-Onone";
			};
			name = Debug;
		};
		120EF0C6253BD34300F73AB7 /* Release */ = {
			isa = XCBuildConfiguration;
			buildSettings = {
				ALWAYS_SEARCH_USER_PATHS = NO;
				CLANG_ANALYZER_NONNULL = YES;
				CLANG_ANALYZER_NUMBER_OBJECT_CONVERSION = YES_AGGRESSIVE;
				CLANG_CXX_LANGUAGE_STANDARD = "gnu++14";
				CLANG_CXX_LIBRARY = "libc++";
				CLANG_ENABLE_MODULES = YES;
				CLANG_ENABLE_OBJC_ARC = YES;
				CLANG_ENABLE_OBJC_WEAK = YES;
				CLANG_WARN_BLOCK_CAPTURE_AUTORELEASING = YES;
				CLANG_WARN_BOOL_CONVERSION = YES;
				CLANG_WARN_COMMA = YES;
				CLANG_WARN_CONSTANT_CONVERSION = YES;
				CLANG_WARN_DEPRECATED_OBJC_IMPLEMENTATIONS = YES;
				CLANG_WARN_DIRECT_OBJC_ISA_USAGE = YES_ERROR;
				CLANG_WARN_DOCUMENTATION_COMMENTS = YES;
				CLANG_WARN_EMPTY_BODY = YES;
				CLANG_WARN_ENUM_CONVERSION = YES;
				CLANG_WARN_INFINITE_RECURSION = YES;
				CLANG_WARN_INT_CONVERSION = YES;
				CLANG_WARN_NON_LITERAL_NULL_CONVERSION = YES;
				CLANG_WARN_OBJC_IMPLICIT_RETAIN_SELF = YES;
				CLANG_WARN_OBJC_LITERAL_CONVERSION = YES;
				CLANG_WARN_OBJC_ROOT_CLASS = YES_ERROR;
				CLANG_WARN_QUOTED_INCLUDE_IN_FRAMEWORK_HEADER = YES;
				CLANG_WARN_RANGE_LOOP_ANALYSIS = YES;
				CLANG_WARN_STRICT_PROTOTYPES = YES;
				CLANG_WARN_SUSPICIOUS_MOVE = YES;
				CLANG_WARN_UNGUARDED_AVAILABILITY = YES_AGGRESSIVE;
				CLANG_WARN_UNREACHABLE_CODE = YES;
				CLANG_WARN__DUPLICATE_METHOD_MATCH = YES;
				COPY_PHASE_STRIP = NO;
				DEBUG_INFORMATION_FORMAT = "dwarf-with-dsym";
				ENABLE_NS_ASSERTIONS = NO;
				ENABLE_STRICT_OBJC_MSGSEND = YES;
				GCC_C_LANGUAGE_STANDARD = gnu11;
				GCC_NO_COMMON_BLOCKS = YES;
				GCC_WARN_64_TO_32_BIT_CONVERSION = YES;
				GCC_WARN_ABOUT_RETURN_TYPE = YES_ERROR;
				GCC_WARN_UNDECLARED_SELECTOR = YES;
				GCC_WARN_UNINITIALIZED_AUTOS = YES_AGGRESSIVE;
				GCC_WARN_UNUSED_FUNCTION = YES;
				GCC_WARN_UNUSED_VARIABLE = YES;
				IPHONEOS_DEPLOYMENT_TARGET = 14.0;
				MTL_ENABLE_DEBUG_INFO = NO;
				MTL_FAST_MATH = YES;
				SDKROOT = iphoneos;
				SWIFT_COMPILATION_MODE = wholemodule;
				SWIFT_OPTIMIZATION_LEVEL = "-O";
				VALIDATE_PRODUCT = YES;
			};
			name = Release;
		};
		120EF0C8253BD34300F73AB7 /* Debug */ = {
			isa = XCBuildConfiguration;
			baseConfigurationReference = 748DF7CC237EF1665EE90D94 /* Pods-Ciberchat.debug.xcconfig */;
			buildSettings = {
				ASSETCATALOG_COMPILER_APPICON_NAME = AppIcon;
				ASSETCATALOG_COMPILER_GLOBAL_ACCENT_COLOR_NAME = AccentColor;
				CODE_SIGN_STYLE = Automatic;
				INFOPLIST_FILE = Ciberchat/Info.plist;
				LD_RUNPATH_SEARCH_PATHS = (
					"$(inherited)",
					"@executable_path/Frameworks",
				);
				PRODUCT_BUNDLE_IDENTIFIER = pe.edu.cibertec.Ciberchat;
				PRODUCT_NAME = "$(TARGET_NAME)";
				SWIFT_VERSION = 5.0;
				TARGETED_DEVICE_FAMILY = "1,2";
			};
			name = Debug;
		};
		120EF0C9253BD34300F73AB7 /* Release */ = {
			isa = XCBuildConfiguration;
			baseConfigurationReference = 237009A52A815474D4A4EBB8 /* Pods-Ciberchat.release.xcconfig */;
			buildSettings = {
				ASSETCATALOG_COMPILER_APPICON_NAME = AppIcon;
				ASSETCATALOG_COMPILER_GLOBAL_ACCENT_COLOR_NAME = AccentColor;
				CODE_SIGN_STYLE = Automatic;
				INFOPLIST_FILE = Ciberchat/Info.plist;
				LD_RUNPATH_SEARCH_PATHS = (
					"$(inherited)",
					"@executable_path/Frameworks",
				);
				PRODUCT_BUNDLE_IDENTIFIER = pe.edu.cibertec.Ciberchat;
				PRODUCT_NAME = "$(TARGET_NAME)";
				SWIFT_VERSION = 5.0;
				TARGETED_DEVICE_FAMILY = "1,2";
			};
			name = Release;
		};
/* End XCBuildConfiguration section */

/* Begin XCConfigurationList section */
		120EF0AE253BD34100F73AB7 /* Build configuration list for PBXProject "Ciberchat" */ = {
			isa = XCConfigurationList;
			buildConfigurations = (
				120EF0C5253BD34300F73AB7 /* Debug */,
				120EF0C6253BD34300F73AB7 /* Release */,
			);
			defaultConfigurationIsVisible = 0;
			defaultConfigurationName = Release;
		};
		120EF0C7253BD34300F73AB7 /* Build configuration list for PBXNativeTarget "Ciberchat" */ = {
			isa = XCConfigurationList;
			buildConfigurations = (
				120EF0C8253BD34300F73AB7 /* Debug */,
				120EF0C9253BD34300F73AB7 /* Release */,
			);
			defaultConfigurationIsVisible = 0;
			defaultConfigurationName = Release;
		};
/* End XCConfigurationList section */
	};
	rootObject = 120EF0AB253BD34100F73AB7 /* Project object */;
}
